
Microsoft Visual Studio Solution File, Format Version 12.00
# Visual Studio Version 16
VisualStudioVersion = 16.0.29409.12
MinimumVisualStudioVersion = 10.0.40219.1
Project("{9A19103F-16F7-4668-BE54-9A1E7A4F7556}") = "DiscordBot", "DiscordBot.csproj", "{1DC4F0EE-AB8F-4E89-A00B-1AF3B4262682}"
EndProject
Global
	GlobalSection(SolutionConfigurationPlatforms) = preSolution
		Debug|Any CPU = Debug|Any CPU
		Release|Any CPU = Release|Any CPU
	EndGlobalSection
	GlobalSection(ProjectConfigurationPlatforms) = postSolution
		{1DC4F0EE-AB8F-4E89-A00B-1AF3B4262682}.Debug|Any CPU.ActiveCfg = Debug|Any CPU
		{1DC4F0EE-AB8F-4E89-A00B-1AF3B4262682}.Debug|Any CPU.Build.0 = Debug|Any CPU
		{1DC4F0EE-AB8F-4E89-A00B-1AF3B4262682}.Release|Any CPU.ActiveCfg = Release|Any CPU
		{1DC4F0EE-AB8F-4E89-A00B-1AF3B4262682}.Release|Any CPU.Build.0 = Release|Any CPU
	EndGlobalSection
	GlobalSection(SolutionProperties) = preSolution
		HideSolutionNode = FALSE
	EndGlobalSection
	GlobalSection(ExtensibilityGlobals) = postSolution
		SolutionGuid = {F4A8C877-423F-4A62-88DB-EF4010B5D409}
	EndGlobalSection
EndGlobal
